{
  "name": "juegoUNO",
  "lockfileVersion": 2,
  "requires": true,
  "packages": {
    "": {
      "dependencies": {
        "sweetalert": "npm:undefined@^"
      }
    },
    "node_modules/es6-object-assign": {
      "extraneous": true
    },
    "node_modules/promise-polyfill": {
      "extraneous": true
    },
    "node_modules/sweetalert": {}
  },
  "dependencies": {
    "es6-object-assign": {
      "extraneous": true
    },
    "promise-polyfill": {
      "extraneous": true
    },
    "sweetalert": {}
  }
}
